// !$*UTF8*$!
{
	archiveVersion = 1;
	classes = {
	};
	objectVersion = 46;
	objects = {

/* Begin PBXBuildFile section */
		EA09247D1DBDACFB004A0062 /* AppDelegate.swift in Sources */ = {isa = PBXBuildFile; fileRef = EA09247C1DBDACFB004A0062 /* AppDelegate.swift */; };
		EA09247F1DBDACFB004A0062 /* ViewController.swift in Sources */ = {isa = PBXBuildFile; fileRef = EA09247E1DBDACFB004A0062 /* ViewController.swift */; };
		EA0924821DBDACFB004A0062 /* Main.storyboard in Resources */ = {isa = PBXBuildFile; fileRef = EA0924801DBDACFB004A0062 /* Main.storyboard */; };
		EA0924841DBDACFB004A0062 /* Assets.xcassets in Resources */ = {isa = PBXBuildFile; fileRef = EA0924831DBDACFB004A0062 /* Assets.xcassets */; };
		EA0924871DBDACFB004A0062 /* LaunchScreen.storyboard in Resources */ = {isa = PBXBuildFile; fileRef = EA0924851DBDACFB004A0062 /* LaunchScreen.storyboard */; };
		EA0924901DBDAE2E004A0062 /* IndicatorView.swift in Sources */ = {isa = PBXBuildFile; fileRef = EA09248E1DBDAE2E004A0062 /* IndicatorView.swift */; };
		EA0924911DBDAE2E004A0062 /* QCMethod.swift in Sources */ = {isa = PBXBuildFile; fileRef = EA09248F1DBDAE2E004A0062 /* QCMethod.swift */; };
/* End PBXBuildFile section */

/* Begin PBXFileReference section */
		EA0924791DBDACFB004A0062 /* ReplicatorAnimate.app */ = {isa = PBXFileReference; explicitFileType = wrapper.application; includeInIndex = 0; path = ReplicatorAnimate.app; sourceTree = BUILT_PRODUCTS_DIR; };
		EA09247C1DBDACFB004A0062 /* AppDelegate.swift */ = {isa = PBXFileReference; lastKnownFileType = sourcecode.swift; path = AppDelegate.swift; sourceTree = "<group>"; };
		EA09247E1DBDACFB004A0062 /* ViewController.swift */ = {isa = PBXFileReference; lastKnownFileType = sourcecode.swift; path = ViewController.swift; sourceTree = "<group>"; };
		EA0924811DBDACFB004A0062 /* Base */ = {isa = PBXFileReference; lastKnownFileType = file.storyboard; name = Base; path = Base.lproj/Main.storyboard; sourceTree = "<group>"; };
		EA0924831DBDACFB004A0062 /* Assets.xcassets */ = {isa = PBXFileReference; lastKnownFileType = folder.assetcatalog; path = Assets.xcassets; sourceTree = "<group>"; };
		EA0924861DBDACFB004A0062 /* Base */ = {isa = PBXFileReference; lastKnownFileType = file.storyboard; name = Base; path = Base.lproj/LaunchScreen.storyboard; sourceTree = "<group>"; };
		EA0924881DBDACFB004A0062 /* Info.plist */ = {isa = PBXFileReference; lastKnownFileType = text.plist.xml; path = Info.plist; sourceTree = "<group>"; };
		EA09248E1DBDAE2E004A0062 /* IndicatorView.swift */ = {isa = PBXFileReference; fileEncoding = 4; lastKnownFileType = sourcecode.swift; path = IndicatorView.swift; sourceTree = "<group>"; };
		EA09248F1DBDAE2E004A0062 /* QCMethod.swift */ = {isa = PBXFileReference; fileEncoding = 4; lastKnownFileType = sourcecode.swift; path = QCMethod.swift; sourceTree = "<group>"; };
/* End PBXFileReference section */

/* Begin PBXFrameworksBuildPhase section */
		EA0924761DBDACFB004A0062 /* Frameworks */ = {
			isa = PBXFrameworksBuildPhase;
			buildActionMask = 2147483647;
			files = (
			);
			runOnlyForDeploymentPostprocessing = 0;
		};
/* End PBXFrameworksBuildPhase section */

/* Begin PBXGroup section */
		EA0924701DBDACFB004A0062 = {
			isa = PBXGroup;
			children = (
				EA09247B1DBDACFB004A0062 /* ReplicatorAnimate */,
				EA09247A1DBDACFB004A0062 /* Products */,
			);
			sourceTree = "<group>";
		};
		EA09247A1DBDACFB004A0062 /* Products */ = {
			isa = PBXGroup;
			children = (
				EA0924791DBDACFB004A0062 /* ReplicatorAnimate.app */,
			);
			name = Products;
			sourceTree = "<group>";
		};
		EA09247B1DBDACFB004A0062 /* ReplicatorAnimate */ = {
			isa = PBXGroup;
			children = (
				EA09248E1DBDAE2E004A0062 /* IndicatorView.swift */,
				EA09248F1DBDAE2E004A0062 /* QCMethod.swift */,
				EA09247C1DBDACFB004A0062 /* AppDelegate.swift */,
				EA09247E1DBDACFB004A0062 /* ViewController.swift */,
				EA0924801DBDACFB004A0062 /* Main.storyboard */,
				EA0924831DBDACFB004A0062 /* Assets.xcassets */,
				EA0924851DBDACFB004A0062 /* LaunchScreen.storyboard */,
				EA0924881DBDACFB004A0062 /* Info.plist */,
			);
			path = ReplicatorAnimate;
			sourceTree = "<group>";
		};
/* End PBXGroup section */

/* Begin PBXNativeTarget section */
		EA0924781DBDACFB004A0062 /* ReplicatorAnimate */ = {
			isa = PBXNativeTarget;
			buildConfigurationList = EA09248B1DBDACFB004A0062 /* Build configuration list for PBXNativeTarget "ReplicatorAnimate" */;
			buildPhases = (
				EA0924751DBDACFB004A0062 /* Sources */,
				EA0924761DBDACFB004A0062 /* Frameworks */,
				EA0924771DBDACFB004A0062 /* Resources */,
			);
			buildRules = (
			);
			dependencies = (
			);
			name = ReplicatorAnimate;
			productName = ReplicatorAnimate;
			productReference = EA0924791DBDACFB004A0062 /* ReplicatorAnimate.app */;
			productType = "com.apple.product-type.application";
		};
/* End PBXNativeTarget section */

/* Begin PBXProject section */
		EA0924711DBDACFB004A0062 /* Project object */ = {
			isa = PBXProject;
			attributes = {
				LastSwiftUpdateCheck = 0800;
				LastUpgradeCheck = 0800;
				ORGANIZATIONNAME = wodedata;
				TargetAttributes = {
					EA0924781DBDACFB004A0062 = {
						CreatedOnToolsVersion = 8.0;
						LastSwiftMigration = 0800;
						ProvisioningStyle = Automatic;
					};
				};
			};
			buildConfigurationList = EA0924741DBDACFB004A0062 /* Build configuration list for PBXProject "ReplicatorAnimate" */;
			compatibilityVersion = "Xcode 3.2";
			developmentRegion = English;
			hasScannedForEncodings = 0;
			knownRegions = (
				en,
				Base,
			);
			mainGroup = EA0924701DBDACFB004A0062;
			productRefGroup = EA09247A1DBDACFB004A0062 /* Products */;
			projectDirPath = "";
			projectRoot = "";
			targets = (
				EA0924781DBDACFB004A0062 /* ReplicatorAnimate */,
			);
		};
/* End PBXProject section */

/* Begin PBXResourcesBuildPhase section */
		EA0924771DBDACFB004A0062 /* Resources */ = {
			isa = PBXResourcesBuildPhase;
			buildActionMask = 2147483647;
			files = (
				EA0924871DBDACFB004A0062 /* LaunchScreen.storyboard in Resources */,
				EA0924841DBDACFB004A0062 /* Assets.xcassets in Resources */,
				EA0924821DBDACFB004A0062 /* Main.storyboard in Resources */,
			);
			runOnlyForDeploymentPostprocessing = 0;
		};
/* End PBXResourcesBuildPhase section */

/* Begin PBXSourcesBuildPhase section */
		EA0924751DBDACFB004A0062 /* Sources */ = {
			isa = PBXSourcesBuildPhase;
			buildActionMask = 2147483647;
			files = (
				EA0924901DBDAE2E004A0062 /* IndicatorView.swift in Sources */,
				EA09247F1DBDACFB004A0062 /* ViewController.swift in Sources */,
				EA0924911DBDAE2E004A0062 /* QCMethod.swift in Sources */,
				EA09247D1DBDACFB004A0062 /* AppDelegate.swift in Sources */,
			);
			runOnlyForDeploymentPostprocessing = 0;
		};
/* End PBXSourcesBuildPhase section */

/* Begin PBXVariantGroup section */
		EA0924801DBDACFB004A0062 /* Main.storyboard */ = {
			isa = PBXVariantGroup;
			children = (
				EA0924811DBDACFB004A0062 /* Base */,
			);
			name = Main.storyboard;
			sourceTree = "<group>";
		};
		EA0924851DBDACFB004A0062 /* LaunchScreen.storyboard */ = {
			isa = PBXVariantGroup;
			children = (
				EA0924861DBDACFB004A0062 /* Base */,
			);
			name = LaunchScreen.storyboard;
			sourceTree = "<group>";
		};
/* End PBXVariantGroup section */

/* Begin XCBuildConfiguration section */
		EA0924891DBDACFB004A0062 /* Debug */ = {
			isa = XCBuildConfiguration;
			buildSettings = {
				ALWAYS_SEARCH_USER_PATHS = NO;
				CLANG_ANALYZER_NONNULL = YES;
				CLANG_CXX_LANGUAGE_STANDARD = "gnu++0x";
				CLANG_CXX_LIBRARY = "libc++";
				CLANG_ENABLE_MODULES = YES;
				CLANG_ENABLE_OBJC_ARC = YES;
				CLANG_WARN_BOOL_CONVERSION = YES;
				CLANG_WARN_CONSTANT_CONVERSION = YES;
				CLANG_WARN_DIRECT_OBJC_ISA_USAGE = YES_ERROR;
				CLANG_WARN_DOCUMENTATION_COMMENTS = YES;
				CLANG_WARN_EMPTY_BODY = YES;
				CLANG_WARN_ENUM_CONVERSION = YES;
				CLANG_WARN_INFINITE_RECURSION = YES;
				CLANG_WARN_INT_CONVERSION = YES;
				CLANG_WARN_OBJC_ROOT_CLASS = YES_ERROR;
				CLANG_WARN_SUSPICIOUS_MOVES = YES;
				CLANG_WARN_UNREACHABLE_CODE = YES;
				CLANG_WARN__DUPLICATE_METHOD_MATCH = YES;
				"CODE_SIGN_IDENTITY[sdk=iphoneos*]" = "iPhone Developer";
				COPY_PHASE_STRIP = NO;
				DEBUG_INFORMATION_FORMAT = dwarf;
				ENABLE_STRICT_OBJC_MSGSEND = YES;
				ENABLE_TESTABILITY = YES;
				GCC_C_LANGUAGE_STANDARD = gnu99;
				GCC_DYNAMIC_NO_PIC = NO;
				GCC_NO_COMMON_BLOCKS = YES;
				GCC_OPTIMIZATION_LEVEL = 0;
				GCC_PREPROCESSOR_DEFINITIONS = (
					"DEBUG=1",
					"$(inherited)",
				);
				GCC_WARN_64_TO_32_BIT_CONVERSION = YES;
				GCC_WARN_ABOUT_RETURN_TYPE = YES_ERROR;
				GCC_WARN_UNDECLARED_SELECTOR = YES;
				GCC_WARN_UNINITIALIZED_AUTOS = YES_AGGRESSIVE;
				GCC_WARN_UNUSED_FUNCTION = YES;
				GCC_WARN_UNUSED_VARIABLE = YES;
				IPHONEOS_DEPLOYMENT_TARGET = 10.0;
				MTL_ENABLE_DEBUG_INFO = YES;
				ONLY_ACTIVE_ARCH = YES;
				SDKROOT = iphoneos;
				SWIFT_ACTIVE_COMPILATION_CONDITIONS = DEBUG;
				SWIFT_OPTIMIZATION_LEVEL = "-Onone";
				TARGETED_DEVICE_FAMILY = "1,2";
			};
			name = Debug;
		};
		EA09248A1DBDACFB004A0062 /* Release */ = {
			isa = XCBuildConfiguration;
			buildSettings = {
				ALWAYS_SEARCH_USER_PATHS = NO;
				CLANG_ANALYZER_NONNULL = YES;
				CLANG_CXX_LANGUAGE_STANDARD = "gnu++0x";
				CLANG_CXX_LIBRARY = "libc++";
				CLANG_ENABLE_MODULES = YES;
				CLANG_ENABLE_OBJC_ARC = YES;
				CLANG_WARN_BOOL_CONVERSION = YES;
				CLANG_WARN_CONSTANT_CONVERSION = YES;
				CLANG_WARN_DIRECT_OBJC_ISA_USAGE = YES_ERROR;
				CLANG_WARN_DOCUMENTATION_COMMENTS = YES;
				CLANG_WARN_EMPTY_BODY = YES;
				CLANG_WARN_ENUM_CONVERSION = YES;
				CLANG_WARN_INFINITE_RECURSION = YES;
				CLANG_WARN_INT_CONVERSION = YES;
				CLANG_WARN_OBJC_ROOT_CLASS = YES_ERROR;
				CLANG_WARN_SUSPICIOUS_MOVES = YES;
				CLANG_WARN_UNREACHABLE_CODE = YES;
				CLANG_WARN__DUPLICATE_METHOD_MATCH = YES;
				"CODE_SIGN_IDENTITY[sdk=iphoneos*]" = "iPhone Developer";
				COPY_PHASE_STRIP = NO;
				DEBUG_INFORMATION_FORMAT = "dwarf-with-dsym";
				ENABLE_NS_ASSERTIONS = NO;
				ENABLE_STRICT_OBJC_MSGSEND = YES;
				GCC_C_LANGUAGE_STANDARD = gnu99;
				GCC_NO_COMMON_BLOCKS = YES;
				GCC_WARN_64_TO_32_BIT_CONVERSION = YES;
				GCC_WARN_ABOUT_RETURN_TYPE = YES_ERROR;
				GCC_WARN_UNDECLARED_SELECTOR = YES;
				GCC_WARN_UNINITIALIZED_AUTOS = YES_AGGRESSIVE;
				GCC_WARN_UNUSED_FUNCTION = YES;
				GCC_WARN_UNUSED_VARIABLE = YES;
				IPHONEOS_DEPLOYMENT_TARGET = 10.0;
				MTL_ENABLE_DEBUG_INFO = NO;
				SDKROOT = iphoneos;
				SWIFT_OPTIMIZATION_LEVEL = "-Owholemodule";
				TARGETED_DEVICE_FAMILY = "1,2";
				VALIDATE_PRODUCT = YES;
			};
			name = Release;
		};
		EA09248C1DBDACFB004A0062 /* Debug */ = {
			isa = XCBuildConfiguration;
			buildSettings = {
				ASSETCATALOG_COMPILER_APPICON_NAME = AppIcon;
				INFOPLIST_FILE = ReplicatorAnimate/Info.plist;
				LD_RUNPATH_SEARCH_PATHS = "$(inherited) @executable_path/Frameworks";
				PRODUCT_BUNDLE_IDENTIFIER = com.wodedata.ReplicatorAnimate;
				PRODUCT_NAME = "$(TARGET_NAME)";
				SWIFT_VERSION = 3.0;
			};
			name = Debug;
		};
		EA09248D1DBDACFB004A0062 /* Release */ = {
			isa = XCBuildConfiguration;
			buildSettings = {
				ASSETCATALOG_COMPILER_APPICON_NAME = AppIcon;
				INFOPLIST_FILE = ReplicatorAnimate/Info.plist;
				LD_RUNPATH_SEARCH_PATHS = "$(inherited) @executable_path/Frameworks";
				PRODUCT_BUNDLE_IDENTIFIER = com.wodedata.ReplicatorAnimate;
				PRODUCT_NAME = "$(TARGET_NAME)";
				SWIFT_VERSION = 3.0;
			};
			name = Release;
		};
/* End XCBuildConfiguration section */

/* Begin XCConfigurationList section */
		EA0924741DBDACFB004A0062 /* Build configuration list for PBXProject "ReplicatorAnimate" */ = {
			isa = XCConfigurationList;
			buildConfigurations = (
				EA0924891DBDACFB004A0062 /* Debug */,
				EA09248A1DBDACFB004A0062 /* Release */,
			);
			defaultConfigurationIsVisible = 0;
			defaultConfigurationName = Release;
		};
		EA09248B1DBDACFB004A0062 /* Build configuration list for PBXNativeTarget "ReplicatorAnimate" */ = {
			isa = XCConfigurationList;
			buildConfigurations = (
				EA09248C1DBDACFB004A0062 /* Debug */,
				EA09248D1DBDACFB004A0062 /* Release */,
			);
			defaultConfigurationIsVisible = 0;
		};
/* End XCConfigurationList section */
	};
	rootObject = EA0924711DBDACFB004A0062 /* Project object */;
}
