// !$*UTF8*$!
{
	archiveVersion = 1;
	classes = {
	};
	objectVersion = 46;
	objects = {

/* Begin PBXBuildFile section */
		EAABD6B11DB511FA00B98AE2 /* AppDelegate.swift in Sources */ = {isa = PBXBuildFile; fileRef = EAABD6B01DB511FA00B98AE2 /* AppDelegate.swift */; };
		EAABD6B31DB511FA00B98AE2 /* ViewController.swift in Sources */ = {isa = PBXBuildFile; fileRef = EAABD6B21DB511FA00B98AE2 /* ViewController.swift */; };
		EAABD6B61DB511FA00B98AE2 /* Main.storyboard in Resources */ = {isa = PBXBuildFile; fileRef = EAABD6B41DB511FA00B98AE2 /* Main.storyboard */; };
		EAABD6B81DB511FA00B98AE2 /* Assets.xcassets in Resources */ = {isa = PBXBuildFile; fileRef = EAABD6B71DB511FA00B98AE2 /* Assets.xcassets */; };
		EAABD6BB1DB511FA00B98AE2 /* LaunchScreen.storyboard in Resources */ = {isa = PBXBuildFile; fileRef = EAABD6B91DB511FA00B98AE2 /* LaunchScreen.storyboard */; };
		EAABD6C41DB52B9900B98AE2 /* ClocksKit.swift in Sources */ = {isa = PBXBuildFile; fileRef = EAABD6C21DB52B9900B98AE2 /* ClocksKit.swift */; };
		EAABD6C51DB52B9900B98AE2 /* RealClockKit.swift in Sources */ = {isa = PBXBuildFile; fileRef = EAABD6C31DB52B9900B98AE2 /* RealClockKit.swift */; };
		EAABD6C71DB52BBF00B98AE2 /* MyClocksView.swift in Sources */ = {isa = PBXBuildFile; fileRef = EAABD6C61DB52BBF00B98AE2 /* MyClocksView.swift */; };
		EAABD6C91DB52C0B00B98AE2 /* RealClockView.swift in Sources */ = {isa = PBXBuildFile; fileRef = EAABD6C81DB52C0B00B98AE2 /* RealClockView.swift */; };
/* End PBXBuildFile section */

/* Begin PBXFileReference section */
		EAABD6AD1DB511FA00B98AE2 /* ClockBoard.app */ = {isa = PBXFileReference; explicitFileType = wrapper.application; includeInIndex = 0; path = ClockBoard.app; sourceTree = BUILT_PRODUCTS_DIR; };
		EAABD6B01DB511FA00B98AE2 /* AppDelegate.swift */ = {isa = PBXFileReference; lastKnownFileType = sourcecode.swift; path = AppDelegate.swift; sourceTree = "<group>"; };
		EAABD6B21DB511FA00B98AE2 /* ViewController.swift */ = {isa = PBXFileReference; lastKnownFileType = sourcecode.swift; path = ViewController.swift; sourceTree = "<group>"; };
		EAABD6B51DB511FA00B98AE2 /* Base */ = {isa = PBXFileReference; lastKnownFileType = file.storyboard; name = Base; path = Base.lproj/Main.storyboard; sourceTree = "<group>"; };
		EAABD6B71DB511FA00B98AE2 /* Assets.xcassets */ = {isa = PBXFileReference; lastKnownFileType = folder.assetcatalog; path = Assets.xcassets; sourceTree = "<group>"; };
		EAABD6BA1DB511FA00B98AE2 /* Base */ = {isa = PBXFileReference; lastKnownFileType = file.storyboard; name = Base; path = Base.lproj/LaunchScreen.storyboard; sourceTree = "<group>"; };
		EAABD6BC1DB511FA00B98AE2 /* Info.plist */ = {isa = PBXFileReference; lastKnownFileType = text.plist.xml; path = Info.plist; sourceTree = "<group>"; };
		EAABD6C21DB52B9900B98AE2 /* ClocksKit.swift */ = {isa = PBXFileReference; fileEncoding = 4; lastKnownFileType = sourcecode.swift; path = ClocksKit.swift; sourceTree = "<group>"; };
		EAABD6C31DB52B9900B98AE2 /* RealClockKit.swift */ = {isa = PBXFileReference; fileEncoding = 4; lastKnownFileType = sourcecode.swift; path = RealClockKit.swift; sourceTree = "<group>"; };
		EAABD6C61DB52BBF00B98AE2 /* MyClocksView.swift */ = {isa = PBXFileReference; fileEncoding = 4; lastKnownFileType = sourcecode.swift; path = MyClocksView.swift; sourceTree = "<group>"; };
		EAABD6C81DB52C0B00B98AE2 /* RealClockView.swift */ = {isa = PBXFileReference; fileEncoding = 4; lastKnownFileType = sourcecode.swift; path = RealClockView.swift; sourceTree = "<group>"; };
/* End PBXFileReference section */

/* Begin PBXFrameworksBuildPhase section */
		EAABD6AA1DB511FA00B98AE2 /* Frameworks */ = {
			isa = PBXFrameworksBuildPhase;
			buildActionMask = 2147483647;
			files = (
			);
			runOnlyForDeploymentPostprocessing = 0;
		};
/* End PBXFrameworksBuildPhase section */

/* Begin PBXGroup section */
		EAABD6A41DB511FA00B98AE2 = {
			isa = PBXGroup;
			children = (
				EAABD6AF1DB511FA00B98AE2 /* ClockBoard */,
				EAABD6AE1DB511FA00B98AE2 /* Products */,
			);
			sourceTree = "<group>";
		};
		EAABD6AE1DB511FA00B98AE2 /* Products */ = {
			isa = PBXGroup;
			children = (
				EAABD6AD1DB511FA00B98AE2 /* ClockBoard.app */,
			);
			name = Products;
			sourceTree = "<group>";
		};
		EAABD6AF1DB511FA00B98AE2 /* ClockBoard */ = {
			isa = PBXGroup;
			children = (
				EAABD6C61DB52BBF00B98AE2 /* MyClocksView.swift */,
				EAABD6C81DB52C0B00B98AE2 /* RealClockView.swift */,
				EAABD6C21DB52B9900B98AE2 /* ClocksKit.swift */,
				EAABD6C31DB52B9900B98AE2 /* RealClockKit.swift */,
				EAABD6B01DB511FA00B98AE2 /* AppDelegate.swift */,
				EAABD6B21DB511FA00B98AE2 /* ViewController.swift */,
				EAABD6B41DB511FA00B98AE2 /* Main.storyboard */,
				EAABD6B71DB511FA00B98AE2 /* Assets.xcassets */,
				EAABD6B91DB511FA00B98AE2 /* LaunchScreen.storyboard */,
				EAABD6BC1DB511FA00B98AE2 /* Info.plist */,
			);
			path = ClockBoard;
			sourceTree = "<group>";
		};
/* End PBXGroup section */

/* Begin PBXNativeTarget section */
		EAABD6AC1DB511FA00B98AE2 /* ClockBoard */ = {
			isa = PBXNativeTarget;
			buildConfigurationList = EAABD6BF1DB511FA00B98AE2 /* Build configuration list for PBXNativeTarget "ClockBoard" */;
			buildPhases = (
				EAABD6A91DB511FA00B98AE2 /* Sources */,
				EAABD6AA1DB511FA00B98AE2 /* Frameworks */,
				EAABD6AB1DB511FA00B98AE2 /* Resources */,
			);
			buildRules = (
			);
			dependencies = (
			);
			name = ClockBoard;
			productName = ClockBoard;
			productReference = EAABD6AD1DB511FA00B98AE2 /* ClockBoard.app */;
			productType = "com.apple.product-type.application";
		};
/* End PBXNativeTarget section */

/* Begin PBXProject section */
		EAABD6A51DB511FA00B98AE2 /* Project object */ = {
			isa = PBXProject;
			attributes = {
				LastSwiftUpdateCheck = 0800;
				LastUpgradeCheck = 0800;
				ORGANIZATIONNAME = wodedata;
				TargetAttributes = {
					EAABD6AC1DB511FA00B98AE2 = {
						CreatedOnToolsVersion = 8.0;
						LastSwiftMigration = 0800;
						ProvisioningStyle = Automatic;
					};
				};
			};
			buildConfigurationList = EAABD6A81DB511FA00B98AE2 /* Build configuration list for PBXProject "ClockBoard" */;
			compatibilityVersion = "Xcode 3.2";
			developmentRegion = English;
			hasScannedForEncodings = 0;
			knownRegions = (
				en,
				Base,
			);
			mainGroup = EAABD6A41DB511FA00B98AE2;
			productRefGroup = EAABD6AE1DB511FA00B98AE2 /* Products */;
			projectDirPath = "";
			projectRoot = "";
			targets = (
				EAABD6AC1DB511FA00B98AE2 /* ClockBoard */,
			);
		};
/* End PBXProject section */

/* Begin PBXResourcesBuildPhase section */
		EAABD6AB1DB511FA00B98AE2 /* Resources */ = {
			isa = PBXResourcesBuildPhase;
			buildActionMask = 2147483647;
			files = (
				EAABD6BB1DB511FA00B98AE2 /* LaunchScreen.storyboard in Resources */,
				EAABD6B81DB511FA00B98AE2 /* Assets.xcassets in Resources */,
				EAABD6B61DB511FA00B98AE2 /* Main.storyboard in Resources */,
			);
			runOnlyForDeploymentPostprocessing = 0;
		};
/* End PBXResourcesBuildPhase section */

/* Begin PBXSourcesBuildPhase section */
		EAABD6A91DB511FA00B98AE2 /* Sources */ = {
			isa = PBXSourcesBuildPhase;
			buildActionMask = 2147483647;
			files = (
				EAABD6B31DB511FA00B98AE2 /* ViewController.swift in Sources */,
				EAABD6C51DB52B9900B98AE2 /* RealClockKit.swift in Sources */,
				EAABD6B11DB511FA00B98AE2 /* AppDelegate.swift in Sources */,
				EAABD6C71DB52BBF00B98AE2 /* MyClocksView.swift in Sources */,
				EAABD6C41DB52B9900B98AE2 /* ClocksKit.swift in Sources */,
				EAABD6C91DB52C0B00B98AE2 /* RealClockView.swift in Sources */,
			);
			runOnlyForDeploymentPostprocessing = 0;
		};
/* End PBXSourcesBuildPhase section */

/* Begin PBXVariantGroup section */
		EAABD6B41DB511FA00B98AE2 /* Main.storyboard */ = {
			isa = PBXVariantGroup;
			children = (
				EAABD6B51DB511FA00B98AE2 /* Base */,
			);
			name = Main.storyboard;
			sourceTree = "<group>";
		};
		EAABD6B91DB511FA00B98AE2 /* LaunchScreen.storyboard */ = {
			isa = PBXVariantGroup;
			children = (
				EAABD6BA1DB511FA00B98AE2 /* Base */,
			);
			name = LaunchScreen.storyboard;
			sourceTree = "<group>";
		};
/* End PBXVariantGroup section */

/* Begin XCBuildConfiguration section */
		EAABD6BD1DB511FA00B98AE2 /* Debug */ = {
			isa = XCBuildConfiguration;
			buildSettings = {
				ALWAYS_SEARCH_USER_PATHS = NO;
				CLANG_ANALYZER_NONNULL = YES;
				CLANG_CXX_LANGUAGE_STANDARD = "gnu++0x";
				CLANG_CXX_LIBRARY = "libc++";
				CLANG_ENABLE_MODULES = YES;
				CLANG_ENABLE_OBJC_ARC = YES;
				CLANG_WARN_BOOL_CONVERSION = YES;
				CLANG_WARN_CONSTANT_CONVERSION = YES;
				CLANG_WARN_DIRECT_OBJC_ISA_USAGE = YES_ERROR;
				CLANG_WARN_DOCUMENTATION_COMMENTS = YES;
				CLANG_WARN_EMPTY_BODY = YES;
				CLANG_WARN_ENUM_CONVERSION = YES;
				CLANG_WARN_INFINITE_RECURSION = YES;
				CLANG_WARN_INT_CONVERSION = YES;
				CLANG_WARN_OBJC_ROOT_CLASS = YES_ERROR;
				CLANG_WARN_SUSPICIOUS_MOVES = YES;
				CLANG_WARN_UNREACHABLE_CODE = YES;
				CLANG_WARN__DUPLICATE_METHOD_MATCH = YES;
				"CODE_SIGN_IDENTITY[sdk=iphoneos*]" = "iPhone Developer";
				COPY_PHASE_STRIP = NO;
				DEBUG_INFORMATION_FORMAT = dwarf;
				ENABLE_STRICT_OBJC_MSGSEND = YES;
				ENABLE_TESTABILITY = YES;
				GCC_C_LANGUAGE_STANDARD = gnu99;
				GCC_DYNAMIC_NO_PIC = NO;
				GCC_NO_COMMON_BLOCKS = YES;
				GCC_OPTIMIZATION_LEVEL = 0;
				GCC_PREPROCESSOR_DEFINITIONS = (
					"DEBUG=1",
					"$(inherited)",
				);
				GCC_WARN_64_TO_32_BIT_CONVERSION = YES;
				GCC_WARN_ABOUT_RETURN_TYPE = YES_ERROR;
				GCC_WARN_UNDECLARED_SELECTOR = YES;
				GCC_WARN_UNINITIALIZED_AUTOS = YES_AGGRESSIVE;
				GCC_WARN_UNUSED_FUNCTION = YES;
				GCC_WARN_UNUSED_VARIABLE = YES;
				IPHONEOS_DEPLOYMENT_TARGET = 10.0;
				MTL_ENABLE_DEBUG_INFO = YES;
				ONLY_ACTIVE_ARCH = YES;
				SDKROOT = iphoneos;
				SWIFT_ACTIVE_COMPILATION_CONDITIONS = DEBUG;
				SWIFT_OPTIMIZATION_LEVEL = "-Onone";
				TARGETED_DEVICE_FAMILY = "1,2";
			};
			name = Debug;
		};
		EAABD6BE1DB511FA00B98AE2 /* Release */ = {
			isa = XCBuildConfiguration;
			buildSettings = {
				ALWAYS_SEARCH_USER_PATHS = NO;
				CLANG_ANALYZER_NONNULL = YES;
				CLANG_CXX_LANGUAGE_STANDARD = "gnu++0x";
				CLANG_CXX_LIBRARY = "libc++";
				CLANG_ENABLE_MODULES = YES;
				CLANG_ENABLE_OBJC_ARC = YES;
				CLANG_WARN_BOOL_CONVERSION = YES;
				CLANG_WARN_CONSTANT_CONVERSION = YES;
				CLANG_WARN_DIRECT_OBJC_ISA_USAGE = YES_ERROR;
				CLANG_WARN_DOCUMENTATION_COMMENTS = YES;
				CLANG_WARN_EMPTY_BODY = YES;
				CLANG_WARN_ENUM_CONVERSION = YES;
				CLANG_WARN_INFINITE_RECURSION = YES;
				CLANG_WARN_INT_CONVERSION = YES;
				CLANG_WARN_OBJC_ROOT_CLASS = YES_ERROR;
				CLANG_WARN_SUSPICIOUS_MOVES = YES;
				CLANG_WARN_UNREACHABLE_CODE = YES;
				CLANG_WARN__DUPLICATE_METHOD_MATCH = YES;
				"CODE_SIGN_IDENTITY[sdk=iphoneos*]" = "iPhone Developer";
				COPY_PHASE_STRIP = NO;
				DEBUG_INFORMATION_FORMAT = "dwarf-with-dsym";
				ENABLE_NS_ASSERTIONS = NO;
				ENABLE_STRICT_OBJC_MSGSEND = YES;
				GCC_C_LANGUAGE_STANDARD = gnu99;
				GCC_NO_COMMON_BLOCKS = YES;
				GCC_WARN_64_TO_32_BIT_CONVERSION = YES;
				GCC_WARN_ABOUT_RETURN_TYPE = YES_ERROR;
				GCC_WARN_UNDECLARED_SELECTOR = YES;
				GCC_WARN_UNINITIALIZED_AUTOS = YES_AGGRESSIVE;
				GCC_WARN_UNUSED_FUNCTION = YES;
				GCC_WARN_UNUSED_VARIABLE = YES;
				IPHONEOS_DEPLOYMENT_TARGET = 10.0;
				MTL_ENABLE_DEBUG_INFO = NO;
				SDKROOT = iphoneos;
				SWIFT_OPTIMIZATION_LEVEL = "-Owholemodule";
				TARGETED_DEVICE_FAMILY = "1,2";
				VALIDATE_PRODUCT = YES;
			};
			name = Release;
		};
		EAABD6C01DB511FA00B98AE2 /* Debug */ = {
			isa = XCBuildConfiguration;
			buildSettings = {
				ASSETCATALOG_COMPILER_APPICON_NAME = AppIcon;
				INFOPLIST_FILE = ClockBoard/Info.plist;
				LD_RUNPATH_SEARCH_PATHS = "$(inherited) @executable_path/Frameworks";
				PRODUCT_BUNDLE_IDENTIFIER = com.wodedata.ClockBoard;
				PRODUCT_NAME = "$(TARGET_NAME)";
				SWIFT_VERSION = 2.3;
			};
			name = Debug;
		};
		EAABD6C11DB511FA00B98AE2 /* Release */ = {
			isa = XCBuildConfiguration;
			buildSettings = {
				ASSETCATALOG_COMPILER_APPICON_NAME = AppIcon;
				INFOPLIST_FILE = ClockBoard/Info.plist;
				LD_RUNPATH_SEARCH_PATHS = "$(inherited) @executable_path/Frameworks";
				PRODUCT_BUNDLE_IDENTIFIER = com.wodedata.ClockBoard;
				PRODUCT_NAME = "$(TARGET_NAME)";
				SWIFT_VERSION = 2.3;
			};
			name = Release;
		};
/* End XCBuildConfiguration section */

/* Begin XCConfigurationList section */
		EAABD6A81DB511FA00B98AE2 /* Build configuration list for PBXProject "ClockBoard" */ = {
			isa = XCConfigurationList;
			buildConfigurations = (
				EAABD6BD1DB511FA00B98AE2 /* Debug */,
				EAABD6BE1DB511FA00B98AE2 /* Release */,
			);
			defaultConfigurationIsVisible = 0;
			defaultConfigurationName = Release;
		};
		EAABD6BF1DB511FA00B98AE2 /* Build configuration list for PBXNativeTarget "ClockBoard" */ = {
			isa = XCConfigurationList;
			buildConfigurations = (
				EAABD6C01DB511FA00B98AE2 /* Debug */,
				EAABD6C11DB511FA00B98AE2 /* Release */,
			);
			defaultConfigurationIsVisible = 0;
		};
/* End XCConfigurationList section */
	};
	rootObject = EAABD6A51DB511FA00B98AE2 /* Project object */;
}
