// !$*UTF8*$!
{
	archiveVersion = 1;
	classes = {
	};
	objectVersion = 46;
	objects = {

/* Begin PBXBuildFile section */
		EAABD66D1DB4A3D100B98AE2 /* AppDelegate.swift in Sources */ = {isa = PBXBuildFile; fileRef = EAABD66C1DB4A3D100B98AE2 /* AppDelegate.swift */; };
		EAABD66F1DB4A3D100B98AE2 /* ViewController.swift in Sources */ = {isa = PBXBuildFile; fileRef = EAABD66E1DB4A3D100B98AE2 /* ViewController.swift */; };
		EAABD6721DB4A3D100B98AE2 /* Main.storyboard in Resources */ = {isa = PBXBuildFile; fileRef = EAABD6701DB4A3D100B98AE2 /* Main.storyboard */; };
		EAABD6741DB4A3D100B98AE2 /* Assets.xcassets in Resources */ = {isa = PBXBuildFile; fileRef = EAABD6731DB4A3D100B98AE2 /* Assets.xcassets */; };
		EAABD6771DB4A3D100B98AE2 /* LaunchScreen.storyboard in Resources */ = {isa = PBXBuildFile; fileRef = EAABD6751DB4A3D100B98AE2 /* LaunchScreen.storyboard */; };
		EAABD67F1DB4AF3600B98AE2 /* MySinMotionView.swift in Sources */ = {isa = PBXBuildFile; fileRef = EAABD67E1DB4AF3600B98AE2 /* MySinMotionView.swift */; };
		EAABD6811DB4AF4200B98AE2 /* MyStyleKit.swift in Sources */ = {isa = PBXBuildFile; fileRef = EAABD6801DB4AF4200B98AE2 /* MyStyleKit.swift */; };
/* End PBXBuildFile section */

/* Begin PBXFileReference section */
		EAABD6691DB4A3D100B98AE2 /* SinMotion.app */ = {isa = PBXFileReference; explicitFileType = wrapper.application; includeInIndex = 0; path = SinMotion.app; sourceTree = BUILT_PRODUCTS_DIR; };
		EAABD66C1DB4A3D100B98AE2 /* AppDelegate.swift */ = {isa = PBXFileReference; lastKnownFileType = sourcecode.swift; path = AppDelegate.swift; sourceTree = "<group>"; };
		EAABD66E1DB4A3D100B98AE2 /* ViewController.swift */ = {isa = PBXFileReference; lastKnownFileType = sourcecode.swift; path = ViewController.swift; sourceTree = "<group>"; };
		EAABD6711DB4A3D100B98AE2 /* Base */ = {isa = PBXFileReference; lastKnownFileType = file.storyboard; name = Base; path = Base.lproj/Main.storyboard; sourceTree = "<group>"; };
		EAABD6731DB4A3D100B98AE2 /* Assets.xcassets */ = {isa = PBXFileReference; lastKnownFileType = folder.assetcatalog; path = Assets.xcassets; sourceTree = "<group>"; };
		EAABD6761DB4A3D100B98AE2 /* Base */ = {isa = PBXFileReference; lastKnownFileType = file.storyboard; name = Base; path = Base.lproj/LaunchScreen.storyboard; sourceTree = "<group>"; };
		EAABD6781DB4A3D100B98AE2 /* Info.plist */ = {isa = PBXFileReference; lastKnownFileType = text.plist.xml; path = Info.plist; sourceTree = "<group>"; };
		EAABD67E1DB4AF3600B98AE2 /* MySinMotionView.swift */ = {isa = PBXFileReference; fileEncoding = 4; lastKnownFileType = sourcecode.swift; path = MySinMotionView.swift; sourceTree = "<group>"; };
		EAABD6801DB4AF4200B98AE2 /* MyStyleKit.swift */ = {isa = PBXFileReference; fileEncoding = 4; lastKnownFileType = sourcecode.swift; path = MyStyleKit.swift; sourceTree = "<group>"; };
/* End PBXFileReference section */

/* Begin PBXFrameworksBuildPhase section */
		EAABD6661DB4A3D100B98AE2 /* Frameworks */ = {
			isa = PBXFrameworksBuildPhase;
			buildActionMask = 2147483647;
			files = (
			);
			runOnlyForDeploymentPostprocessing = 0;
		};
/* End PBXFrameworksBuildPhase section */

/* Begin PBXGroup section */
		EAABD6601DB4A3D100B98AE2 = {
			isa = PBXGroup;
			children = (
				EAABD66B1DB4A3D100B98AE2 /* SinMotion */,
				EAABD66A1DB4A3D100B98AE2 /* Products */,
			);
			sourceTree = "<group>";
		};
		EAABD66A1DB4A3D100B98AE2 /* Products */ = {
			isa = PBXGroup;
			children = (
				EAABD6691DB4A3D100B98AE2 /* SinMotion.app */,
			);
			name = Products;
			sourceTree = "<group>";
		};
		EAABD66B1DB4A3D100B98AE2 /* SinMotion */ = {
			isa = PBXGroup;
			children = (
				EAABD6801DB4AF4200B98AE2 /* MyStyleKit.swift */,
				EAABD67E1DB4AF3600B98AE2 /* MySinMotionView.swift */,
				EAABD66C1DB4A3D100B98AE2 /* AppDelegate.swift */,
				EAABD66E1DB4A3D100B98AE2 /* ViewController.swift */,
				EAABD6701DB4A3D100B98AE2 /* Main.storyboard */,
				EAABD6731DB4A3D100B98AE2 /* Assets.xcassets */,
				EAABD6751DB4A3D100B98AE2 /* LaunchScreen.storyboard */,
				EAABD6781DB4A3D100B98AE2 /* Info.plist */,
			);
			path = SinMotion;
			sourceTree = "<group>";
		};
/* End PBXGroup section */

/* Begin PBXNativeTarget section */
		EAABD6681DB4A3D100B98AE2 /* SinMotion */ = {
			isa = PBXNativeTarget;
			buildConfigurationList = EAABD67B1DB4A3D100B98AE2 /* Build configuration list for PBXNativeTarget "SinMotion" */;
			buildPhases = (
				EAABD6651DB4A3D100B98AE2 /* Sources */,
				EAABD6661DB4A3D100B98AE2 /* Frameworks */,
				EAABD6671DB4A3D100B98AE2 /* Resources */,
			);
			buildRules = (
			);
			dependencies = (
			);
			name = SinMotion;
			productName = SinMotion;
			productReference = EAABD6691DB4A3D100B98AE2 /* SinMotion.app */;
			productType = "com.apple.product-type.application";
		};
/* End PBXNativeTarget section */

/* Begin PBXProject section */
		EAABD6611DB4A3D100B98AE2 /* Project object */ = {
			isa = PBXProject;
			attributes = {
				LastSwiftUpdateCheck = 0800;
				LastUpgradeCheck = 0800;
				ORGANIZATIONNAME = wodedata;
				TargetAttributes = {
					EAABD6681DB4A3D100B98AE2 = {
						CreatedOnToolsVersion = 8.0;
						ProvisioningStyle = Automatic;
					};
				};
			};
			buildConfigurationList = EAABD6641DB4A3D100B98AE2 /* Build configuration list for PBXProject "SinMotion" */;
			compatibilityVersion = "Xcode 3.2";
			developmentRegion = English;
			hasScannedForEncodings = 0;
			knownRegions = (
				en,
				Base,
			);
			mainGroup = EAABD6601DB4A3D100B98AE2;
			productRefGroup = EAABD66A1DB4A3D100B98AE2 /* Products */;
			projectDirPath = "";
			projectRoot = "";
			targets = (
				EAABD6681DB4A3D100B98AE2 /* SinMotion */,
			);
		};
/* End PBXProject section */

/* Begin PBXResourcesBuildPhase section */
		EAABD6671DB4A3D100B98AE2 /* Resources */ = {
			isa = PBXResourcesBuildPhase;
			buildActionMask = 2147483647;
			files = (
				EAABD6771DB4A3D100B98AE2 /* LaunchScreen.storyboard in Resources */,
				EAABD6741DB4A3D100B98AE2 /* Assets.xcassets in Resources */,
				EAABD6721DB4A3D100B98AE2 /* Main.storyboard in Resources */,
			);
			runOnlyForDeploymentPostprocessing = 0;
		};
/* End PBXResourcesBuildPhase section */

/* Begin PBXSourcesBuildPhase section */
		EAABD6651DB4A3D100B98AE2 /* Sources */ = {
			isa = PBXSourcesBuildPhase;
			buildActionMask = 2147483647;
			files = (
				EAABD67F1DB4AF3600B98AE2 /* MySinMotionView.swift in Sources */,
				EAABD66F1DB4A3D100B98AE2 /* ViewController.swift in Sources */,
				EAABD6811DB4AF4200B98AE2 /* MyStyleKit.swift in Sources */,
				EAABD66D1DB4A3D100B98AE2 /* AppDelegate.swift in Sources */,
			);
			runOnlyForDeploymentPostprocessing = 0;
		};
/* End PBXSourcesBuildPhase section */

/* Begin PBXVariantGroup section */
		EAABD6701DB4A3D100B98AE2 /* Main.storyboard */ = {
			isa = PBXVariantGroup;
			children = (
				EAABD6711DB4A3D100B98AE2 /* Base */,
			);
			name = Main.storyboard;
			sourceTree = "<group>";
		};
		EAABD6751DB4A3D100B98AE2 /* LaunchScreen.storyboard */ = {
			isa = PBXVariantGroup;
			children = (
				EAABD6761DB4A3D100B98AE2 /* Base */,
			);
			name = LaunchScreen.storyboard;
			sourceTree = "<group>";
		};
/* End PBXVariantGroup section */

/* Begin XCBuildConfiguration section */
		EAABD6791DB4A3D100B98AE2 /* Debug */ = {
			isa = XCBuildConfiguration;
			buildSettings = {
				ALWAYS_SEARCH_USER_PATHS = NO;
				CLANG_ANALYZER_NONNULL = YES;
				CLANG_CXX_LANGUAGE_STANDARD = "gnu++0x";
				CLANG_CXX_LIBRARY = "libc++";
				CLANG_ENABLE_MODULES = YES;
				CLANG_ENABLE_OBJC_ARC = YES;
				CLANG_WARN_BOOL_CONVERSION = YES;
				CLANG_WARN_CONSTANT_CONVERSION = YES;
				CLANG_WARN_DIRECT_OBJC_ISA_USAGE = YES_ERROR;
				CLANG_WARN_DOCUMENTATION_COMMENTS = YES;
				CLANG_WARN_EMPTY_BODY = YES;
				CLANG_WARN_ENUM_CONVERSION = YES;
				CLANG_WARN_INFINITE_RECURSION = YES;
				CLANG_WARN_INT_CONVERSION = YES;
				CLANG_WARN_OBJC_ROOT_CLASS = YES_ERROR;
				CLANG_WARN_SUSPICIOUS_MOVES = YES;
				CLANG_WARN_UNREACHABLE_CODE = YES;
				CLANG_WARN__DUPLICATE_METHOD_MATCH = YES;
				"CODE_SIGN_IDENTITY[sdk=iphoneos*]" = "iPhone Developer";
				COPY_PHASE_STRIP = NO;
				DEBUG_INFORMATION_FORMAT = dwarf;
				ENABLE_STRICT_OBJC_MSGSEND = YES;
				ENABLE_TESTABILITY = YES;
				GCC_C_LANGUAGE_STANDARD = gnu99;
				GCC_DYNAMIC_NO_PIC = NO;
				GCC_NO_COMMON_BLOCKS = YES;
				GCC_OPTIMIZATION_LEVEL = 0;
				GCC_PREPROCESSOR_DEFINITIONS = (
					"DEBUG=1",
					"$(inherited)",
				);
				GCC_WARN_64_TO_32_BIT_CONVERSION = YES;
				GCC_WARN_ABOUT_RETURN_TYPE = YES_ERROR;
				GCC_WARN_UNDECLARED_SELECTOR = YES;
				GCC_WARN_UNINITIALIZED_AUTOS = YES_AGGRESSIVE;
				GCC_WARN_UNUSED_FUNCTION = YES;
				GCC_WARN_UNUSED_VARIABLE = YES;
				IPHONEOS_DEPLOYMENT_TARGET = 10.0;
				MTL_ENABLE_DEBUG_INFO = YES;
				ONLY_ACTIVE_ARCH = YES;
				SDKROOT = iphoneos;
				SWIFT_ACTIVE_COMPILATION_CONDITIONS = DEBUG;
				SWIFT_OPTIMIZATION_LEVEL = "-Onone";
				TARGETED_DEVICE_FAMILY = "1,2";
			};
			name = Debug;
		};
		EAABD67A1DB4A3D100B98AE2 /* Release */ = {
			isa = XCBuildConfiguration;
			buildSettings = {
				ALWAYS_SEARCH_USER_PATHS = NO;
				CLANG_ANALYZER_NONNULL = YES;
				CLANG_CXX_LANGUAGE_STANDARD = "gnu++0x";
				CLANG_CXX_LIBRARY = "libc++";
				CLANG_ENABLE_MODULES = YES;
				CLANG_ENABLE_OBJC_ARC = YES;
				CLANG_WARN_BOOL_CONVERSION = YES;
				CLANG_WARN_CONSTANT_CONVERSION = YES;
				CLANG_WARN_DIRECT_OBJC_ISA_USAGE = YES_ERROR;
				CLANG_WARN_DOCUMENTATION_COMMENTS = YES;
				CLANG_WARN_EMPTY_BODY = YES;
				CLANG_WARN_ENUM_CONVERSION = YES;
				CLANG_WARN_INFINITE_RECURSION = YES;
				CLANG_WARN_INT_CONVERSION = YES;
				CLANG_WARN_OBJC_ROOT_CLASS = YES_ERROR;
				CLANG_WARN_SUSPICIOUS_MOVES = YES;
				CLANG_WARN_UNREACHABLE_CODE = YES;
				CLANG_WARN__DUPLICATE_METHOD_MATCH = YES;
				"CODE_SIGN_IDENTITY[sdk=iphoneos*]" = "iPhone Developer";
				COPY_PHASE_STRIP = NO;
				DEBUG_INFORMATION_FORMAT = "dwarf-with-dsym";
				ENABLE_NS_ASSERTIONS = NO;
				ENABLE_STRICT_OBJC_MSGSEND = YES;
				GCC_C_LANGUAGE_STANDARD = gnu99;
				GCC_NO_COMMON_BLOCKS = YES;
				GCC_WARN_64_TO_32_BIT_CONVERSION = YES;
				GCC_WARN_ABOUT_RETURN_TYPE = YES_ERROR;
				GCC_WARN_UNDECLARED_SELECTOR = YES;
				GCC_WARN_UNINITIALIZED_AUTOS = YES_AGGRESSIVE;
				GCC_WARN_UNUSED_FUNCTION = YES;
				GCC_WARN_UNUSED_VARIABLE = YES;
				IPHONEOS_DEPLOYMENT_TARGET = 10.0;
				MTL_ENABLE_DEBUG_INFO = NO;
				SDKROOT = iphoneos;
				SWIFT_OPTIMIZATION_LEVEL = "-Owholemodule";
				TARGETED_DEVICE_FAMILY = "1,2";
				VALIDATE_PRODUCT = YES;
			};
			name = Release;
		};
		EAABD67C1DB4A3D100B98AE2 /* Debug */ = {
			isa = XCBuildConfiguration;
			buildSettings = {
				ASSETCATALOG_COMPILER_APPICON_NAME = AppIcon;
				INFOPLIST_FILE = SinMotion/Info.plist;
				LD_RUNPATH_SEARCH_PATHS = "$(inherited) @executable_path/Frameworks";
				PRODUCT_BUNDLE_IDENTIFIER = com.wodedata.SinMotion;
				PRODUCT_NAME = "$(TARGET_NAME)";
				SWIFT_VERSION = 3.0;
			};
			name = Debug;
		};
		EAABD67D1DB4A3D100B98AE2 /* Release */ = {
			isa = XCBuildConfiguration;
			buildSettings = {
				ASSETCATALOG_COMPILER_APPICON_NAME = AppIcon;
				INFOPLIST_FILE = SinMotion/Info.plist;
				LD_RUNPATH_SEARCH_PATHS = "$(inherited) @executable_path/Frameworks";
				PRODUCT_BUNDLE_IDENTIFIER = com.wodedata.SinMotion;
				PRODUCT_NAME = "$(TARGET_NAME)";
				SWIFT_VERSION = 3.0;
			};
			name = Release;
		};
/* End XCBuildConfiguration section */

/* Begin XCConfigurationList section */
		EAABD6641DB4A3D100B98AE2 /* Build configuration list for PBXProject "SinMotion" */ = {
			isa = XCConfigurationList;
			buildConfigurations = (
				EAABD6791DB4A3D100B98AE2 /* Debug */,
				EAABD67A1DB4A3D100B98AE2 /* Release */,
			);
			defaultConfigurationIsVisible = 0;
			defaultConfigurationName = Release;
		};
		EAABD67B1DB4A3D100B98AE2 /* Build configuration list for PBXNativeTarget "SinMotion" */ = {
			isa = XCConfigurationList;
			buildConfigurations = (
				EAABD67C1DB4A3D100B98AE2 /* Debug */,
				EAABD67D1DB4A3D100B98AE2 /* Release */,
			);
			defaultConfigurationIsVisible = 0;
		};
/* End XCConfigurationList section */
	};
	rootObject = EAABD6611DB4A3D100B98AE2 /* Project object */;
}
