// !$*UTF8*$!
{
	archiveVersion = 1;
	classes = {
	};
	objectVersion = 46;
	objects = {

/* Begin PBXBuildFile section */
		EAABD68F1DB4D4F000B98AE2 /* AppDelegate.swift in Sources */ = {isa = PBXBuildFile; fileRef = EAABD68E1DB4D4F000B98AE2 /* AppDelegate.swift */; };
		EAABD6911DB4D4F000B98AE2 /* ViewController.swift in Sources */ = {isa = PBXBuildFile; fileRef = EAABD6901DB4D4F000B98AE2 /* ViewController.swift */; };
		EAABD6941DB4D4F000B98AE2 /* Main.storyboard in Resources */ = {isa = PBXBuildFile; fileRef = EAABD6921DB4D4F000B98AE2 /* Main.storyboard */; };
		EAABD6961DB4D4F000B98AE2 /* Assets.xcassets in Resources */ = {isa = PBXBuildFile; fileRef = EAABD6951DB4D4F000B98AE2 /* Assets.xcassets */; };
		EAABD6991DB4D4F000B98AE2 /* LaunchScreen.storyboard in Resources */ = {isa = PBXBuildFile; fileRef = EAABD6971DB4D4F000B98AE2 /* LaunchScreen.storyboard */; };
		EAABD6A11DB4DC4300B98AE2 /* MyStyleKit.swift in Sources */ = {isa = PBXBuildFile; fileRef = EAABD6A01DB4DC4300B98AE2 /* MyStyleKit.swift */; };
		EAABD6A31DB4DC9D00B98AE2 /* LWDashBoard.swift in Sources */ = {isa = PBXBuildFile; fileRef = EAABD6A21DB4DC9D00B98AE2 /* LWDashBoard.swift */; };
/* End PBXBuildFile section */

/* Begin PBXFileReference section */
		EAABD68B1DB4D4F000B98AE2 /* DashBoard.app */ = {isa = PBXFileReference; explicitFileType = wrapper.application; includeInIndex = 0; path = DashBoard.app; sourceTree = BUILT_PRODUCTS_DIR; };
		EAABD68E1DB4D4F000B98AE2 /* AppDelegate.swift */ = {isa = PBXFileReference; lastKnownFileType = sourcecode.swift; path = AppDelegate.swift; sourceTree = "<group>"; };
		EAABD6901DB4D4F000B98AE2 /* ViewController.swift */ = {isa = PBXFileReference; lastKnownFileType = sourcecode.swift; path = ViewController.swift; sourceTree = "<group>"; };
		EAABD6931DB4D4F000B98AE2 /* Base */ = {isa = PBXFileReference; lastKnownFileType = file.storyboard; name = Base; path = Base.lproj/Main.storyboard; sourceTree = "<group>"; };
		EAABD6951DB4D4F000B98AE2 /* Assets.xcassets */ = {isa = PBXFileReference; lastKnownFileType = folder.assetcatalog; path = Assets.xcassets; sourceTree = "<group>"; };
		EAABD6981DB4D4F000B98AE2 /* Base */ = {isa = PBXFileReference; lastKnownFileType = file.storyboard; name = Base; path = Base.lproj/LaunchScreen.storyboard; sourceTree = "<group>"; };
		EAABD69A1DB4D4F000B98AE2 /* Info.plist */ = {isa = PBXFileReference; lastKnownFileType = text.plist.xml; path = Info.plist; sourceTree = "<group>"; };
		EAABD6A01DB4DC4300B98AE2 /* MyStyleKit.swift */ = {isa = PBXFileReference; fileEncoding = 4; lastKnownFileType = sourcecode.swift; path = MyStyleKit.swift; sourceTree = "<group>"; };
		EAABD6A21DB4DC9D00B98AE2 /* LWDashBoard.swift */ = {isa = PBXFileReference; fileEncoding = 4; lastKnownFileType = sourcecode.swift; path = LWDashBoard.swift; sourceTree = "<group>"; };
/* End PBXFileReference section */

/* Begin PBXFrameworksBuildPhase section */
		EAABD6881DB4D4F000B98AE2 /* Frameworks */ = {
			isa = PBXFrameworksBuildPhase;
			buildActionMask = 2147483647;
			files = (
			);
			runOnlyForDeploymentPostprocessing = 0;
		};
/* End PBXFrameworksBuildPhase section */

/* Begin PBXGroup section */
		EAABD6821DB4D4F000B98AE2 = {
			isa = PBXGroup;
			children = (
				EAABD68D1DB4D4F000B98AE2 /* DashBoard */,
				EAABD68C1DB4D4F000B98AE2 /* Products */,
			);
			sourceTree = "<group>";
		};
		EAABD68C1DB4D4F000B98AE2 /* Products */ = {
			isa = PBXGroup;
			children = (
				EAABD68B1DB4D4F000B98AE2 /* DashBoard.app */,
			);
			name = Products;
			sourceTree = "<group>";
		};
		EAABD68D1DB4D4F000B98AE2 /* DashBoard */ = {
			isa = PBXGroup;
			children = (
				EAABD6A01DB4DC4300B98AE2 /* MyStyleKit.swift */,
				EAABD68E1DB4D4F000B98AE2 /* AppDelegate.swift */,
				EAABD6901DB4D4F000B98AE2 /* ViewController.swift */,
				EAABD6A21DB4DC9D00B98AE2 /* LWDashBoard.swift */,
				EAABD6921DB4D4F000B98AE2 /* Main.storyboard */,
				EAABD6951DB4D4F000B98AE2 /* Assets.xcassets */,
				EAABD6971DB4D4F000B98AE2 /* LaunchScreen.storyboard */,
				EAABD69A1DB4D4F000B98AE2 /* Info.plist */,
			);
			path = DashBoard;
			sourceTree = "<group>";
		};
/* End PBXGroup section */

/* Begin PBXNativeTarget section */
		EAABD68A1DB4D4F000B98AE2 /* DashBoard */ = {
			isa = PBXNativeTarget;
			buildConfigurationList = EAABD69D1DB4D4F000B98AE2 /* Build configuration list for PBXNativeTarget "DashBoard" */;
			buildPhases = (
				EAABD6871DB4D4F000B98AE2 /* Sources */,
				EAABD6881DB4D4F000B98AE2 /* Frameworks */,
				EAABD6891DB4D4F000B98AE2 /* Resources */,
			);
			buildRules = (
			);
			dependencies = (
			);
			name = DashBoard;
			productName = DashBoard;
			productReference = EAABD68B1DB4D4F000B98AE2 /* DashBoard.app */;
			productType = "com.apple.product-type.application";
		};
/* End PBXNativeTarget section */

/* Begin PBXProject section */
		EAABD6831DB4D4F000B98AE2 /* Project object */ = {
			isa = PBXProject;
			attributes = {
				LastSwiftUpdateCheck = 0800;
				LastUpgradeCheck = 0800;
				ORGANIZATIONNAME = wodedata;
				TargetAttributes = {
					EAABD68A1DB4D4F000B98AE2 = {
						CreatedOnToolsVersion = 8.0;
						LastSwiftMigration = 0800;
						ProvisioningStyle = Automatic;
					};
				};
			};
			buildConfigurationList = EAABD6861DB4D4F000B98AE2 /* Build configuration list for PBXProject "DashBoard" */;
			compatibilityVersion = "Xcode 3.2";
			developmentRegion = English;
			hasScannedForEncodings = 0;
			knownRegions = (
				en,
				Base,
			);
			mainGroup = EAABD6821DB4D4F000B98AE2;
			productRefGroup = EAABD68C1DB4D4F000B98AE2 /* Products */;
			projectDirPath = "";
			projectRoot = "";
			targets = (
				EAABD68A1DB4D4F000B98AE2 /* DashBoard */,
			);
		};
/* End PBXProject section */

/* Begin PBXResourcesBuildPhase section */
		EAABD6891DB4D4F000B98AE2 /* Resources */ = {
			isa = PBXResourcesBuildPhase;
			buildActionMask = 2147483647;
			files = (
				EAABD6991DB4D4F000B98AE2 /* LaunchScreen.storyboard in Resources */,
				EAABD6961DB4D4F000B98AE2 /* Assets.xcassets in Resources */,
				EAABD6941DB4D4F000B98AE2 /* Main.storyboard in Resources */,
			);
			runOnlyForDeploymentPostprocessing = 0;
		};
/* End PBXResourcesBuildPhase section */

/* Begin PBXSourcesBuildPhase section */
		EAABD6871DB4D4F000B98AE2 /* Sources */ = {
			isa = PBXSourcesBuildPhase;
			buildActionMask = 2147483647;
			files = (
				EAABD6911DB4D4F000B98AE2 /* ViewController.swift in Sources */,
				EAABD68F1DB4D4F000B98AE2 /* AppDelegate.swift in Sources */,
				EAABD6A11DB4DC4300B98AE2 /* MyStyleKit.swift in Sources */,
				EAABD6A31DB4DC9D00B98AE2 /* LWDashBoard.swift in Sources */,
			);
			runOnlyForDeploymentPostprocessing = 0;
		};
/* End PBXSourcesBuildPhase section */

/* Begin PBXVariantGroup section */
		EAABD6921DB4D4F000B98AE2 /* Main.storyboard */ = {
			isa = PBXVariantGroup;
			children = (
				EAABD6931DB4D4F000B98AE2 /* Base */,
			);
			name = Main.storyboard;
			sourceTree = "<group>";
		};
		EAABD6971DB4D4F000B98AE2 /* LaunchScreen.storyboard */ = {
			isa = PBXVariantGroup;
			children = (
				EAABD6981DB4D4F000B98AE2 /* Base */,
			);
			name = LaunchScreen.storyboard;
			sourceTree = "<group>";
		};
/* End PBXVariantGroup section */

/* Begin XCBuildConfiguration section */
		EAABD69B1DB4D4F000B98AE2 /* Debug */ = {
			isa = XCBuildConfiguration;
			buildSettings = {
				ALWAYS_SEARCH_USER_PATHS = NO;
				CLANG_ANALYZER_NONNULL = YES;
				CLANG_CXX_LANGUAGE_STANDARD = "gnu++0x";
				CLANG_CXX_LIBRARY = "libc++";
				CLANG_ENABLE_MODULES = YES;
				CLANG_ENABLE_OBJC_ARC = YES;
				CLANG_WARN_BOOL_CONVERSION = YES;
				CLANG_WARN_CONSTANT_CONVERSION = YES;
				CLANG_WARN_DIRECT_OBJC_ISA_USAGE = YES_ERROR;
				CLANG_WARN_DOCUMENTATION_COMMENTS = YES;
				CLANG_WARN_EMPTY_BODY = YES;
				CLANG_WARN_ENUM_CONVERSION = YES;
				CLANG_WARN_INFINITE_RECURSION = YES;
				CLANG_WARN_INT_CONVERSION = YES;
				CLANG_WARN_OBJC_ROOT_CLASS = YES_ERROR;
				CLANG_WARN_SUSPICIOUS_MOVES = YES;
				CLANG_WARN_UNREACHABLE_CODE = YES;
				CLANG_WARN__DUPLICATE_METHOD_MATCH = YES;
				"CODE_SIGN_IDENTITY[sdk=iphoneos*]" = "iPhone Developer";
				COPY_PHASE_STRIP = NO;
				DEBUG_INFORMATION_FORMAT = dwarf;
				ENABLE_STRICT_OBJC_MSGSEND = YES;
				ENABLE_TESTABILITY = YES;
				GCC_C_LANGUAGE_STANDARD = gnu99;
				GCC_DYNAMIC_NO_PIC = NO;
				GCC_NO_COMMON_BLOCKS = YES;
				GCC_OPTIMIZATION_LEVEL = 0;
				GCC_PREPROCESSOR_DEFINITIONS = (
					"DEBUG=1",
					"$(inherited)",
				);
				GCC_WARN_64_TO_32_BIT_CONVERSION = YES;
				GCC_WARN_ABOUT_RETURN_TYPE = YES_ERROR;
				GCC_WARN_UNDECLARED_SELECTOR = YES;
				GCC_WARN_UNINITIALIZED_AUTOS = YES_AGGRESSIVE;
				GCC_WARN_UNUSED_FUNCTION = YES;
				GCC_WARN_UNUSED_VARIABLE = YES;
				IPHONEOS_DEPLOYMENT_TARGET = 10.0;
				MTL_ENABLE_DEBUG_INFO = YES;
				ONLY_ACTIVE_ARCH = YES;
				SDKROOT = iphoneos;
				SWIFT_ACTIVE_COMPILATION_CONDITIONS = DEBUG;
				SWIFT_OPTIMIZATION_LEVEL = "-Onone";
				TARGETED_DEVICE_FAMILY = "1,2";
			};
			name = Debug;
		};
		EAABD69C1DB4D4F000B98AE2 /* Release */ = {
			isa = XCBuildConfiguration;
			buildSettings = {
				ALWAYS_SEARCH_USER_PATHS = NO;
				CLANG_ANALYZER_NONNULL = YES;
				CLANG_CXX_LANGUAGE_STANDARD = "gnu++0x";
				CLANG_CXX_LIBRARY = "libc++";
				CLANG_ENABLE_MODULES = YES;
				CLANG_ENABLE_OBJC_ARC = YES;
				CLANG_WARN_BOOL_CONVERSION = YES;
				CLANG_WARN_CONSTANT_CONVERSION = YES;
				CLANG_WARN_DIRECT_OBJC_ISA_USAGE = YES_ERROR;
				CLANG_WARN_DOCUMENTATION_COMMENTS = YES;
				CLANG_WARN_EMPTY_BODY = YES;
				CLANG_WARN_ENUM_CONVERSION = YES;
				CLANG_WARN_INFINITE_RECURSION = YES;
				CLANG_WARN_INT_CONVERSION = YES;
				CLANG_WARN_OBJC_ROOT_CLASS = YES_ERROR;
				CLANG_WARN_SUSPICIOUS_MOVES = YES;
				CLANG_WARN_UNREACHABLE_CODE = YES;
				CLANG_WARN__DUPLICATE_METHOD_MATCH = YES;
				"CODE_SIGN_IDENTITY[sdk=iphoneos*]" = "iPhone Developer";
				COPY_PHASE_STRIP = NO;
				DEBUG_INFORMATION_FORMAT = "dwarf-with-dsym";
				ENABLE_NS_ASSERTIONS = NO;
				ENABLE_STRICT_OBJC_MSGSEND = YES;
				GCC_C_LANGUAGE_STANDARD = gnu99;
				GCC_NO_COMMON_BLOCKS = YES;
				GCC_WARN_64_TO_32_BIT_CONVERSION = YES;
				GCC_WARN_ABOUT_RETURN_TYPE = YES_ERROR;
				GCC_WARN_UNDECLARED_SELECTOR = YES;
				GCC_WARN_UNINITIALIZED_AUTOS = YES_AGGRESSIVE;
				GCC_WARN_UNUSED_FUNCTION = YES;
				GCC_WARN_UNUSED_VARIABLE = YES;
				IPHONEOS_DEPLOYMENT_TARGET = 10.0;
				MTL_ENABLE_DEBUG_INFO = NO;
				SDKROOT = iphoneos;
				SWIFT_OPTIMIZATION_LEVEL = "-Owholemodule";
				TARGETED_DEVICE_FAMILY = "1,2";
				VALIDATE_PRODUCT = YES;
			};
			name = Release;
		};
		EAABD69E1DB4D4F000B98AE2 /* Debug */ = {
			isa = XCBuildConfiguration;
			buildSettings = {
				ASSETCATALOG_COMPILER_APPICON_NAME = AppIcon;
				INFOPLIST_FILE = DashBoard/Info.plist;
				LD_RUNPATH_SEARCH_PATHS = "$(inherited) @executable_path/Frameworks";
				PRODUCT_BUNDLE_IDENTIFIER = com.wodedata.DashBoard;
				PRODUCT_NAME = "$(TARGET_NAME)";
				SWIFT_VERSION = 2.3;
			};
			name = Debug;
		};
		EAABD69F1DB4D4F000B98AE2 /* Release */ = {
			isa = XCBuildConfiguration;
			buildSettings = {
				ASSETCATALOG_COMPILER_APPICON_NAME = AppIcon;
				INFOPLIST_FILE = DashBoard/Info.plist;
				LD_RUNPATH_SEARCH_PATHS = "$(inherited) @executable_path/Frameworks";
				PRODUCT_BUNDLE_IDENTIFIER = com.wodedata.DashBoard;
				PRODUCT_NAME = "$(TARGET_NAME)";
				SWIFT_VERSION = 2.3;
			};
			name = Release;
		};
/* End XCBuildConfiguration section */

/* Begin XCConfigurationList section */
		EAABD6861DB4D4F000B98AE2 /* Build configuration list for PBXProject "DashBoard" */ = {
			isa = XCConfigurationList;
			buildConfigurations = (
				EAABD69B1DB4D4F000B98AE2 /* Debug */,
				EAABD69C1DB4D4F000B98AE2 /* Release */,
			);
			defaultConfigurationIsVisible = 0;
			defaultConfigurationName = Release;
		};
		EAABD69D1DB4D4F000B98AE2 /* Build configuration list for PBXNativeTarget "DashBoard" */ = {
			isa = XCConfigurationList;
			buildConfigurations = (
				EAABD69E1DB4D4F000B98AE2 /* Debug */,
				EAABD69F1DB4D4F000B98AE2 /* Release */,
			);
			defaultConfigurationIsVisible = 0;
		};
/* End XCConfigurationList section */
	};
	rootObject = EAABD6831DB4D4F000B98AE2 /* Project object */;
}
